
Microsoft Visual Studio Solution File, Format Version 12.00
# Visual Studio Version 16
VisualStudioVersion = 16.0.808.1
MinimumVisualStudioVersion = 10.0.40219.1
Project("{FAE04EC0-301F-11D3-BF4B-00C04F79EFBC}") = "YoonSample.Mono", "YoonSample.Mono\YoonSample.Mono.csproj", "{B54DB1F9-10A9-4582-B1C4-45791698D8E5}"
EndProject
Global
	GlobalSection(SolutionConfigurationPlatforms) = preSolution
		Debug|AnyCPU = Debug|AnyCPU
		Debug|x86 = Debug|x86
		Debug|x64 = Debug|x64
		Release|AnyCPU = Release|AnyCPU
		Release|x86 = Release|x86
		Release|x64 = Release|x64
	EndGlobalSection
	GlobalSection(ProjectConfigurationPlatforms) = postSolution
		{0EBB4B70-D3ED-47C6-883F-3003D108A96E}.Debug|AnyCPU.ActiveCfg = Debug|Any CPU
		{0EBB4B70-D3ED-47C6-883F-3003D108A96E}.Debug|AnyCPU.Build.0 = Debug|Any CPU
		{0EBB4B70-D3ED-47C6-883F-3003D108A96E}.Debug|x86.ActiveCfg = Debug|x86
		{0EBB4B70-D3ED-47C6-883F-3003D108A96E}.Debug|x86.Build.0 = Debug|x86
		{0EBB4B70-D3ED-47C6-883F-3003D108A96E}.Release|AnyCPU.ActiveCfg = Release|Any CPU
		{0EBB4B70-D3ED-47C6-883F-3003D108A96E}.Release|AnyCPU.Build.0 = Release|Any CPU
		{0EBB4B70-D3ED-47C6-883F-3003D108A96E}.Release|x86.ActiveCfg = Release|x86
		{0EBB4B70-D3ED-47C6-883F-3003D108A96E}.Release|x86.Build.0 = Release|x86
		{B54DB1F9-10A9-4582-B1C4-45791698D8E5}.Debug|AnyCPU.ActiveCfg = Debug|Any CPU
		{B54DB1F9-10A9-4582-B1C4-45791698D8E5}.Debug|AnyCPU.Build.0 = Debug|Any CPU
	EndGlobalSection
	GlobalSection(SolutionProperties) = preSolution
		HideSolutionNode = FALSE
	EndGlobalSection
	GlobalSection(ExtensibilityGlobals) = postSolution
		SolutionGuid = {7B1B7FA4-0368-4662-92C6-374614E92EA5}
	EndGlobalSection
EndGlobal
