Microsoft Visual Studio Solution File, Format Version 12.00
# Visual Studio Version 16
VisualStudioVersion = 16.0.30523.141
MinimumVisualStudioVersion = 10.0.40219.1
Project("{FAE04EC0-301F-11D3-BF4B-00C04F79EFBC}") = "YoonCommon", "YoonCommon\YoonCommon.csproj", "{1F8E210E-2C3B-4084-AF34-855673EFEFC0}"
EndProject
Project("{9A19103F-16F7-4668-BE54-9A1E7A4F7556}") = "YoonSample.Xamarin", "..\YoonSample.Embedded\YoonSample.Xamarin\YoonSample.Xamarin\YoonSample.Xamarin.csproj", "{781B6A8B-8877-4BA5-AA97-C0C573903D0C}"
	ProjectSection(ProjectDependencies) = postProject
		{1F8E210E-2C3B-4084-AF34-855673EFEFC0} = {1F8E210E-2C3B-4084-AF34-855673EFEFC0}
		{CB506015-8250-4E52-B9D3-D7F9620F4CB9} = {CB506015-8250-4E52-B9D3-D7F9620F4CB9}
		{C347EBD9-6691-43F6-A83E-97EBAB6988E8} = {C347EBD9-6691-43F6-A83E-97EBAB6988E8}
		{93428CEA-A460-47A6-AE13-50C17EA6727F} = {93428CEA-A460-47A6-AE13-50C17EA6727F}
	EndProjectSection
EndProject
Project("{FAE04EC0-301F-11D3-BF4B-00C04F79EFBC}") = "YoonSample.Xamarin.Android", "..\YoonSample.Embedded\YoonSample.Xamarin\YoonSample.Xamarin.Android\YoonSample.Xamarin.Android.csproj", "{963C0BFE-A2A6-4DF1-B6FB-D00965F3EB5F}"
EndProject
Project("{FAE04EC0-301F-11D3-BF4B-00C04F79EFBC}") = "YoonSample.Xamarin.iOS", "..\YoonSample.Embedded\YoonSample.Xamarin\YoonSample.Xamarin.iOS\YoonSample.Xamarin.iOS.csproj", "{7CC0A758-D25A-4A15-B257-C17FBBF4D907}"
EndProject
Project("{FAE04EC0-301F-11D3-BF4B-00C04F79EFBC}") = "YoonAlign", "YoonAlign\YoonAlign\YoonAlign.csproj", "{98597371-95FC-4862-8F97-3D553EC036E0}"
EndProject
Project("{FAE04EC0-301F-11D3-BF4B-00C04F79EFBC}") = "YoonCalibration", "YoonCalibration\YoonCalibration\YoonCalibration.csproj", "{0F04F15F-2B68-433A-9E61-5BC53C4789E5}"
EndProject
Project("{FAE04EC0-301F-11D3-BF4B-00C04F79EFBC}") = "YoonCamera", "YoonCamera\YoonCamera\YoonCamera.csproj", "{8F22EC18-8D1D-45F2-A451-5BD3EA1A2D35}"
EndProject
Project("{FAE04EC0-301F-11D3-BF4B-00C04F79EFBC}") = "YoonCognex", "YoonCognex\YoonCognex\YoonCognex.csproj", "{977C4538-9128-4A6A-8FDA-6CCDC250C768}"
EndProject
Project("{FAE04EC0-301F-11D3-BF4B-00C04F79EFBC}") = "YoonComm", "YoonComm\YoonComm\YoonComm.csproj", "{CB506015-8250-4E52-B9D3-D7F9620F4CB9}"
EndProject
Project("{FAE04EC0-301F-11D3-BF4B-00C04F79EFBC}") = "YoonFile", "YoonFile\YoonFile\YoonFile.csproj", "{93428CEA-A460-47A6-AE13-50C17EA6727F}"
EndProject
Project("{FAE04EC0-301F-11D3-BF4B-00C04F79EFBC}") = "YoonImage", "YoonImage\YoonImage\YoonImage.csproj", "{C4E9558E-EB1D-4478-8D94-5EF8A802CAE0}"
EndProject
Project("{FAE04EC0-301F-11D3-BF4B-00C04F79EFBC}") = "YoonLog", "YoonLog\YoonLog\YoonLog.csproj", "{C347EBD9-6691-43F6-A83E-97EBAB6988E8}"
EndProject
Project("{FAE04EC0-301F-11D3-BF4B-00C04F79EFBC}") = "YoonRobot", "YoonRobot\YoonRobot\YoonRobot.csproj", "{2CC24821-5B04-47F4-BC75-B7CFB6818BAA}"
EndProject
Project("{FAE04EC0-301F-11D3-BF4B-00C04F79EFBC}") = "YoonMono", "YoonMono\YoonMono\YoonMono.csproj", "{52185DE2-98A5-4A36-974C-C451A226EF0F}"
EndProject
Project("{FAE04EC0-301F-11D3-BF4B-00C04F79EFBC}") = "YoonWindows", "YoonWindows\YoonWindows\YoonWindows.csproj", "{D8D8FD97-C764-4B5A-B02E-8BA9BFFF0CA8}"
EndProject
Project("{FAE04EC0-301F-11D3-BF4B-00C04F79EFBC}") = "YoonSample.Mono", "..\YoonSample.Embedded\YoonSample.Mono\YoonSample.Mono\YoonSample.Mono.csproj", "{B54DB1F9-10A9-4582-B1C4-45791698D8E5}"
EndProject
Project("{FAE04EC0-301F-11D3-BF4B-00C04F79EFBC}") = "YoonSample.ImageViewer", "..\YoonSample.Vision\YoonSample.ImageViewer\YoonSample.ImageViewer\YoonSample.ImageViewer.csproj", "{675BFF3E-95A8-4E66-B4F5-9D6768013767}"
EndProject
Project("{FAE04EC0-301F-11D3-BF4B-00C04F79EFBC}") = "YoonCV", "YoonCV\YoonCV\YoonCV.csproj", "{2FE75474-BF54-4BA5-840A-33BEF2E86EE3}"
EndProject
Project("{FAE04EC0-301F-11D3-BF4B-00C04F79EFBC}") = "YoonViewer", "YoonViewer\YoonViewer\YoonViewer.csproj", "{6E1C8FF7-E57E-4590-9D68-353F2DE06F37}"
EndProject
Project("{FAE04EC0-301F-11D3-BF4B-00C04F79EFBC}") = "YoonSample.CognexInspector", "..\YoonSample.Vision\YoonSample.CognexInspector\YoonSample.CognexInspector\YoonSample.CognexInspector.csproj", "{BF396E97-85AA-4CFB-A00F-03A735995944}"
EndProject
Project("{FAE04EC0-301F-11D3-BF4B-00C04F79EFBC}") = "YoonParameter", "YoonParameter\YoonParameter\YoonParameter.csproj", "{6CE26E92-3505-4992-B407-577A0BE69E82}"
EndProject
Project("{FAE04EC0-301F-11D3-BF4B-00C04F79EFBC}") = "YoonSample.RobotRemote", "..\YoonSample.Embedded\YoonSample.RobotRemote\YoonSample.RobotRemote.csproj", "{A39DAB5A-AED6-4F94-B301-1E125443D452}"
EndProject
Global
	GlobalSection(SolutionConfigurationPlatforms) = preSolution
		Debug|Any CPU = Debug|Any CPU
		Debug|iPhone = Debug|iPhone
		Debug|iPhoneSimulator = Debug|iPhoneSimulator
		Debug|x64 = Debug|x64
		Debug|x86 = Debug|x86
		Release|Any CPU = Release|Any CPU
		Release|iPhone = Release|iPhone
		Release|iPhoneSimulator = Release|iPhoneSimulator
		Release|x64 = Release|x64
		Release|x86 = Release|x86
	EndGlobalSection
	GlobalSection(ProjectConfigurationPlatforms) = postSolution
		{1F8E210E-2C3B-4084-AF34-855673EFEFC0}.Debug|Any CPU.ActiveCfg = Debug|Any CPU
		{1F8E210E-2C3B-4084-AF34-855673EFEFC0}.Debug|Any CPU.Build.0 = Debug|Any CPU
		{1F8E210E-2C3B-4084-AF34-855673EFEFC0}.Debug|iPhone.ActiveCfg = Debug|Any CPU
		{1F8E210E-2C3B-4084-AF34-855673EFEFC0}.Debug|iPhone.Build.0 = Debug|Any CPU
		{1F8E210E-2C3B-4084-AF34-855673EFEFC0}.Debug|iPhoneSimulator.ActiveCfg = Debug|Any CPU
		{1F8E210E-2C3B-4084-AF34-855673EFEFC0}.Debug|iPhoneSimulator.Build.0 = Debug|Any CPU
		{1F8E210E-2C3B-4084-AF34-855673EFEFC0}.Debug|x64.ActiveCfg = Debug|x64
		{1F8E210E-2C3B-4084-AF34-855673EFEFC0}.Debug|x64.Build.0 = Debug|x64
		{1F8E210E-2C3B-4084-AF34-855673EFEFC0}.Debug|x86.ActiveCfg = Debug|x86
		{1F8E210E-2C3B-4084-AF34-855673EFEFC0}.Debug|x86.Build.0 = Debug|x86
		{1F8E210E-2C3B-4084-AF34-855673EFEFC0}.Release|Any CPU.ActiveCfg = Release|Any CPU
		{1F8E210E-2C3B-4084-AF34-855673EFEFC0}.Release|Any CPU.Build.0 = Release|Any CPU
		{1F8E210E-2C3B-4084-AF34-855673EFEFC0}.Release|iPhone.ActiveCfg = Release|Any CPU
		{1F8E210E-2C3B-4084-AF34-855673EFEFC0}.Release|iPhone.Build.0 = Release|Any CPU
		{1F8E210E-2C3B-4084-AF34-855673EFEFC0}.Release|iPhoneSimulator.ActiveCfg = Release|Any CPU
		{1F8E210E-2C3B-4084-AF34-855673EFEFC0}.Release|iPhoneSimulator.Build.0 = Release|Any CPU
		{1F8E210E-2C3B-4084-AF34-855673EFEFC0}.Release|x64.ActiveCfg = Release|x64
		{1F8E210E-2C3B-4084-AF34-855673EFEFC0}.Release|x64.Build.0 = Release|x64
		{1F8E210E-2C3B-4084-AF34-855673EFEFC0}.Release|x86.ActiveCfg = Release|x86
		{1F8E210E-2C3B-4084-AF34-855673EFEFC0}.Release|x86.Build.0 = Release|x86
		{781B6A8B-8877-4BA5-AA97-C0C573903D0C}.Debug|Any CPU.ActiveCfg = Debug|Any CPU
		{781B6A8B-8877-4BA5-AA97-C0C573903D0C}.Debug|Any CPU.Build.0 = Debug|Any CPU
		{781B6A8B-8877-4BA5-AA97-C0C573903D0C}.Debug|iPhone.ActiveCfg = Debug|Any CPU
		{781B6A8B-8877-4BA5-AA97-C0C573903D0C}.Debug|iPhone.Build.0 = Debug|Any CPU
		{781B6A8B-8877-4BA5-AA97-C0C573903D0C}.Debug|iPhoneSimulator.ActiveCfg = Debug|Any CPU
		{781B6A8B-8877-4BA5-AA97-C0C573903D0C}.Debug|iPhoneSimulator.Build.0 = Debug|Any CPU
		{781B6A8B-8877-4BA5-AA97-C0C573903D0C}.Debug|x64.ActiveCfg = Debug|Any CPU
		{781B6A8B-8877-4BA5-AA97-C0C573903D0C}.Debug|x64.Build.0 = Debug|Any CPU
		{781B6A8B-8877-4BA5-AA97-C0C573903D0C}.Debug|x86.ActiveCfg = Debug|Any CPU
		{781B6A8B-8877-4BA5-AA97-C0C573903D0C}.Debug|x86.Build.0 = Debug|Any CPU
		{781B6A8B-8877-4BA5-AA97-C0C573903D0C}.Release|Any CPU.ActiveCfg = Release|Any CPU
		{781B6A8B-8877-4BA5-AA97-C0C573903D0C}.Release|Any CPU.Build.0 = Release|Any CPU
		{781B6A8B-8877-4BA5-AA97-C0C573903D0C}.Release|iPhone.ActiveCfg = Release|Any CPU
		{781B6A8B-8877-4BA5-AA97-C0C573903D0C}.Release|iPhone.Build.0 = Release|Any CPU
		{781B6A8B-8877-4BA5-AA97-C0C573903D0C}.Release|iPhoneSimulator.ActiveCfg = Release|Any CPU
		{781B6A8B-8877-4BA5-AA97-C0C573903D0C}.Release|iPhoneSimulator.Build.0 = Release|Any CPU
		{781B6A8B-8877-4BA5-AA97-C0C573903D0C}.Release|x64.ActiveCfg = Release|Any CPU
		{781B6A8B-8877-4BA5-AA97-C0C573903D0C}.Release|x64.Build.0 = Release|Any CPU
		{781B6A8B-8877-4BA5-AA97-C0C573903D0C}.Release|x86.ActiveCfg = Release|Any CPU
		{781B6A8B-8877-4BA5-AA97-C0C573903D0C}.Release|x86.Build.0 = Release|Any CPU
		{963C0BFE-A2A6-4DF1-B6FB-D00965F3EB5F}.Debug|Any CPU.ActiveCfg = Debug|Any CPU
		{963C0BFE-A2A6-4DF1-B6FB-D00965F3EB5F}.Debug|Any CPU.Build.0 = Debug|Any CPU
		{963C0BFE-A2A6-4DF1-B6FB-D00965F3EB5F}.Debug|Any CPU.Deploy.0 = Debug|Any CPU
		{963C0BFE-A2A6-4DF1-B6FB-D00965F3EB5F}.Debug|iPhone.ActiveCfg = Debug|Any CPU
		{963C0BFE-A2A6-4DF1-B6FB-D00965F3EB5F}.Debug|iPhone.Build.0 = Debug|Any CPU
		{963C0BFE-A2A6-4DF1-B6FB-D00965F3EB5F}.Debug|iPhone.Deploy.0 = Debug|Any CPU
		{963C0BFE-A2A6-4DF1-B6FB-D00965F3EB5F}.Debug|iPhoneSimulator.ActiveCfg = Debug|Any CPU
		{963C0BFE-A2A6-4DF1-B6FB-D00965F3EB5F}.Debug|iPhoneSimulator.Build.0 = Debug|Any CPU
		{963C0BFE-A2A6-4DF1-B6FB-D00965F3EB5F}.Debug|iPhoneSimulator.Deploy.0 = Debug|Any CPU
		{963C0BFE-A2A6-4DF1-B6FB-D00965F3EB5F}.Debug|x64.ActiveCfg = Debug|Any CPU
		{963C0BFE-A2A6-4DF1-B6FB-D00965F3EB5F}.Debug|x64.Build.0 = Debug|Any CPU
		{963C0BFE-A2A6-4DF1-B6FB-D00965F3EB5F}.Debug|x64.Deploy.0 = Debug|Any CPU
		{963C0BFE-A2A6-4DF1-B6FB-D00965F3EB5F}.Debug|x86.ActiveCfg = Debug|Any CPU
		{963C0BFE-A2A6-4DF1-B6FB-D00965F3EB5F}.Debug|x86.Build.0 = Debug|Any CPU
		{963C0BFE-A2A6-4DF1-B6FB-D00965F3EB5F}.Debug|x86.Deploy.0 = Debug|Any CPU
		{963C0BFE-A2A6-4DF1-B6FB-D00965F3EB5F}.Release|Any CPU.ActiveCfg = Release|Any CPU
		{963C0BFE-A2A6-4DF1-B6FB-D00965F3EB5F}.Release|Any CPU.Build.0 = Release|Any CPU
		{963C0BFE-A2A6-4DF1-B6FB-D00965F3EB5F}.Release|Any CPU.Deploy.0 = Release|Any CPU
		{963C0BFE-A2A6-4DF1-B6FB-D00965F3EB5F}.Release|iPhone.ActiveCfg = Release|Any CPU
		{963C0BFE-A2A6-4DF1-B6FB-D00965F3EB5F}.Release|iPhone.Build.0 = Release|Any CPU
		{963C0BFE-A2A6-4DF1-B6FB-D00965F3EB5F}.Release|iPhone.Deploy.0 = Release|Any CPU
		{963C0BFE-A2A6-4DF1-B6FB-D00965F3EB5F}.Release|iPhoneSimulator.ActiveCfg = Release|Any CPU
		{963C0BFE-A2A6-4DF1-B6FB-D00965F3EB5F}.Release|iPhoneSimulator.Build.0 = Release|Any CPU
		{963C0BFE-A2A6-4DF1-B6FB-D00965F3EB5F}.Release|iPhoneSimulator.Deploy.0 = Release|Any CPU
		{963C0BFE-A2A6-4DF1-B6FB-D00965F3EB5F}.Release|x64.ActiveCfg = Release|Any CPU
		{963C0BFE-A2A6-4DF1-B6FB-D00965F3EB5F}.Release|x64.Build.0 = Release|Any CPU
		{963C0BFE-A2A6-4DF1-B6FB-D00965F3EB5F}.Release|x64.Deploy.0 = Release|Any CPU
		{963C0BFE-A2A6-4DF1-B6FB-D00965F3EB5F}.Release|x86.ActiveCfg = Release|Any CPU
		{963C0BFE-A2A6-4DF1-B6FB-D00965F3EB5F}.Release|x86.Build.0 = Release|Any CPU
		{963C0BFE-A2A6-4DF1-B6FB-D00965F3EB5F}.Release|x86.Deploy.0 = Release|Any CPU
		{7CC0A758-D25A-4A15-B257-C17FBBF4D907}.Debug|Any CPU.ActiveCfg = Debug|iPhoneSimulator
		{7CC0A758-D25A-4A15-B257-C17FBBF4D907}.Debug|Any CPU.Build.0 = Debug|iPhoneSimulator
		{7CC0A758-D25A-4A15-B257-C17FBBF4D907}.Debug|iPhone.ActiveCfg = Debug|iPhone
		{7CC0A758-D25A-4A15-B257-C17FBBF4D907}.Debug|iPhone.Build.0 = Debug|iPhone
		{7CC0A758-D25A-4A15-B257-C17FBBF4D907}.Debug|iPhoneSimulator.ActiveCfg = Debug|iPhoneSimulator
		{7CC0A758-D25A-4A15-B257-C17FBBF4D907}.Debug|iPhoneSimulator.Build.0 = Debug|iPhoneSimulator
		{7CC0A758-D25A-4A15-B257-C17FBBF4D907}.Debug|x64.ActiveCfg = Debug|iPhoneSimulator
		{7CC0A758-D25A-4A15-B257-C17FBBF4D907}.Debug|x86.ActiveCfg = Debug|iPhoneSimulator
		{7CC0A758-D25A-4A15-B257-C17FBBF4D907}.Release|Any CPU.ActiveCfg = Release|iPhoneSimulator
		{7CC0A758-D25A-4A15-B257-C17FBBF4D907}.Release|Any CPU.Build.0 = Release|iPhoneSimulator
		{7CC0A758-D25A-4A15-B257-C17FBBF4D907}.Release|iPhone.ActiveCfg = Release|iPhone
		{7CC0A758-D25A-4A15-B257-C17FBBF4D907}.Release|iPhone.Build.0 = Release|iPhone
		{7CC0A758-D25A-4A15-B257-C17FBBF4D907}.Release|iPhoneSimulator.ActiveCfg = Release|iPhoneSimulator
		{7CC0A758-D25A-4A15-B257-C17FBBF4D907}.Release|iPhoneSimulator.Build.0 = Release|iPhoneSimulator
		{7CC0A758-D25A-4A15-B257-C17FBBF4D907}.Release|x64.ActiveCfg = Release|iPhoneSimulator
		{7CC0A758-D25A-4A15-B257-C17FBBF4D907}.Release|x86.ActiveCfg = Release|iPhoneSimulator
		{98597371-95FC-4862-8F97-3D553EC036E0}.Debug|Any CPU.ActiveCfg = Debug|Any CPU
		{98597371-95FC-4862-8F97-3D553EC036E0}.Debug|Any CPU.Build.0 = Debug|Any CPU
		{98597371-95FC-4862-8F97-3D553EC036E0}.Debug|iPhone.ActiveCfg = Debug|Any CPU
		{98597371-95FC-4862-8F97-3D553EC036E0}.Debug|iPhone.Build.0 = Debug|Any CPU
		{98597371-95FC-4862-8F97-3D553EC036E0}.Debug|iPhoneSimulator.ActiveCfg = Debug|Any CPU
		{98597371-95FC-4862-8F97-3D553EC036E0}.Debug|iPhoneSimulator.Build.0 = Debug|Any CPU
		{98597371-95FC-4862-8F97-3D553EC036E0}.Debug|x64.ActiveCfg = Debug|x64
		{98597371-95FC-4862-8F97-3D553EC036E0}.Debug|x64.Build.0 = Debug|x64
		{98597371-95FC-4862-8F97-3D553EC036E0}.Debug|x86.ActiveCfg = Debug|x86
		{98597371-95FC-4862-8F97-3D553EC036E0}.Debug|x86.Build.0 = Debug|x86
		{98597371-95FC-4862-8F97-3D553EC036E0}.Release|Any CPU.ActiveCfg = Release|Any CPU
		{98597371-95FC-4862-8F97-3D553EC036E0}.Release|Any CPU.Build.0 = Release|Any CPU
		{98597371-95FC-4862-8F97-3D553EC036E0}.Release|iPhone.ActiveCfg = Release|Any CPU
		{98597371-95FC-4862-8F97-3D553EC036E0}.Release|iPhone.Build.0 = Release|Any CPU
		{98597371-95FC-4862-8F97-3D553EC036E0}.Release|iPhoneSimulator.ActiveCfg = Release|Any CPU
		{98597371-95FC-4862-8F97-3D553EC036E0}.Release|iPhoneSimulator.Build.0 = Release|Any CPU
		{98597371-95FC-4862-8F97-3D553EC036E0}.Release|x64.ActiveCfg = Release|x64
		{98597371-95FC-4862-8F97-3D553EC036E0}.Release|x64.Build.0 = Release|x64
		{98597371-95FC-4862-8F97-3D553EC036E0}.Release|x86.ActiveCfg = Release|x86
		{98597371-95FC-4862-8F97-3D553EC036E0}.Release|x86.Build.0 = Release|x86
		{0F04F15F-2B68-433A-9E61-5BC53C4789E5}.Debug|Any CPU.ActiveCfg = Debug|Any CPU
		{0F04F15F-2B68-433A-9E61-5BC53C4789E5}.Debug|Any CPU.Build.0 = Debug|Any CPU
		{0F04F15F-2B68-433A-9E61-5BC53C4789E5}.Debug|iPhone.ActiveCfg = Debug|Any CPU
		{0F04F15F-2B68-433A-9E61-5BC53C4789E5}.Debug|iPhone.Build.0 = Debug|Any CPU
		{0F04F15F-2B68-433A-9E61-5BC53C4789E5}.Debug|iPhoneSimulator.ActiveCfg = Debug|Any CPU
		{0F04F15F-2B68-433A-9E61-5BC53C4789E5}.Debug|iPhoneSimulator.Build.0 = Debug|Any CPU
		{0F04F15F-2B68-433A-9E61-5BC53C4789E5}.Debug|x64.ActiveCfg = Debug|x64
		{0F04F15F-2B68-433A-9E61-5BC53C4789E5}.Debug|x64.Build.0 = Debug|x64
		{0F04F15F-2B68-433A-9E61-5BC53C4789E5}.Debug|x86.ActiveCfg = Debug|x86
		{0F04F15F-2B68-433A-9E61-5BC53C4789E5}.Debug|x86.Build.0 = Debug|x86
		{0F04F15F-2B68-433A-9E61-5BC53C4789E5}.Release|Any CPU.ActiveCfg = Release|Any CPU
		{0F04F15F-2B68-433A-9E61-5BC53C4789E5}.Release|Any CPU.Build.0 = Release|Any CPU
		{0F04F15F-2B68-433A-9E61-5BC53C4789E5}.Release|iPhone.ActiveCfg = Release|Any CPU
		{0F04F15F-2B68-433A-9E61-5BC53C4789E5}.Release|iPhone.Build.0 = Release|Any CPU
		{0F04F15F-2B68-433A-9E61-5BC53C4789E5}.Release|iPhoneSimulator.ActiveCfg = Release|Any CPU
		{0F04F15F-2B68-433A-9E61-5BC53C4789E5}.Release|iPhoneSimulator.Build.0 = Release|Any CPU
		{0F04F15F-2B68-433A-9E61-5BC53C4789E5}.Release|x64.ActiveCfg = Release|x64
		{0F04F15F-2B68-433A-9E61-5BC53C4789E5}.Release|x64.Build.0 = Release|x64
		{0F04F15F-2B68-433A-9E61-5BC53C4789E5}.Release|x86.ActiveCfg = Release|x86
		{0F04F15F-2B68-433A-9E61-5BC53C4789E5}.Release|x86.Build.0 = Release|x86
		{8F22EC18-8D1D-45F2-A451-5BD3EA1A2D35}.Debug|Any CPU.ActiveCfg = Debug|Any CPU
		{8F22EC18-8D1D-45F2-A451-5BD3EA1A2D35}.Debug|Any CPU.Build.0 = Debug|Any CPU
		{8F22EC18-8D1D-45F2-A451-5BD3EA1A2D35}.Debug|iPhone.ActiveCfg = Debug|Any CPU
		{8F22EC18-8D1D-45F2-A451-5BD3EA1A2D35}.Debug|iPhone.Build.0 = Debug|Any CPU
		{8F22EC18-8D1D-45F2-A451-5BD3EA1A2D35}.Debug|iPhoneSimulator.ActiveCfg = Debug|Any CPU
		{8F22EC18-8D1D-45F2-A451-5BD3EA1A2D35}.Debug|iPhoneSimulator.Build.0 = Debug|Any CPU
		{8F22EC18-8D1D-45F2-A451-5BD3EA1A2D35}.Debug|x64.ActiveCfg = Debug|x64
		{8F22EC18-8D1D-45F2-A451-5BD3EA1A2D35}.Debug|x64.Build.0 = Debug|x64
		{8F22EC18-8D1D-45F2-A451-5BD3EA1A2D35}.Debug|x86.ActiveCfg = Debug|x86
		{8F22EC18-8D1D-45F2-A451-5BD3EA1A2D35}.Debug|x86.Build.0 = Debug|x86
		{8F22EC18-8D1D-45F2-A451-5BD3EA1A2D35}.Release|Any CPU.ActiveCfg = Release|Any CPU
		{8F22EC18-8D1D-45F2-A451-5BD3EA1A2D35}.Release|Any CPU.Build.0 = Release|Any CPU
		{8F22EC18-8D1D-45F2-A451-5BD3EA1A2D35}.Release|iPhone.ActiveCfg = Release|Any CPU
		{8F22EC18-8D1D-45F2-A451-5BD3EA1A2D35}.Release|iPhone.Build.0 = Release|Any CPU
		{8F22EC18-8D1D-45F2-A451-5BD3EA1A2D35}.Release|iPhoneSimulator.ActiveCfg = Release|Any CPU
		{8F22EC18-8D1D-45F2-A451-5BD3EA1A2D35}.Release|iPhoneSimulator.Build.0 = Release|Any CPU
		{8F22EC18-8D1D-45F2-A451-5BD3EA1A2D35}.Release|x64.ActiveCfg = Release|x64
		{8F22EC18-8D1D-45F2-A451-5BD3EA1A2D35}.Release|x64.Build.0 = Release|x64
		{8F22EC18-8D1D-45F2-A451-5BD3EA1A2D35}.Release|x86.ActiveCfg = Release|x86
		{8F22EC18-8D1D-45F2-A451-5BD3EA1A2D35}.Release|x86.Build.0 = Release|x86
		{977C4538-9128-4A6A-8FDA-6CCDC250C768}.Debug|Any CPU.ActiveCfg = Debug|Any CPU
		{977C4538-9128-4A6A-8FDA-6CCDC250C768}.Debug|Any CPU.Build.0 = Debug|Any CPU
		{977C4538-9128-4A6A-8FDA-6CCDC250C768}.Debug|iPhone.ActiveCfg = Debug|Any CPU
		{977C4538-9128-4A6A-8FDA-6CCDC250C768}.Debug|iPhone.Build.0 = Debug|Any CPU
		{977C4538-9128-4A6A-8FDA-6CCDC250C768}.Debug|iPhoneSimulator.ActiveCfg = Debug|Any CPU
		{977C4538-9128-4A6A-8FDA-6CCDC250C768}.Debug|iPhoneSimulator.Build.0 = Debug|Any CPU
		{977C4538-9128-4A6A-8FDA-6CCDC250C768}.Debug|x64.ActiveCfg = Debug|x64
		{977C4538-9128-4A6A-8FDA-6CCDC250C768}.Debug|x64.Build.0 = Debug|x64
		{977C4538-9128-4A6A-8FDA-6CCDC250C768}.Debug|x86.ActiveCfg = Debug|x86
		{977C4538-9128-4A6A-8FDA-6CCDC250C768}.Debug|x86.Build.0 = Debug|x86
		{977C4538-9128-4A6A-8FDA-6CCDC250C768}.Release|Any CPU.ActiveCfg = Release|Any CPU
		{977C4538-9128-4A6A-8FDA-6CCDC250C768}.Release|Any CPU.Build.0 = Release|Any CPU
		{977C4538-9128-4A6A-8FDA-6CCDC250C768}.Release|iPhone.ActiveCfg = Release|Any CPU
		{977C4538-9128-4A6A-8FDA-6CCDC250C768}.Release|iPhone.Build.0 = Release|Any CPU
		{977C4538-9128-4A6A-8FDA-6CCDC250C768}.Release|iPhoneSimulator.ActiveCfg = Release|Any CPU
		{977C4538-9128-4A6A-8FDA-6CCDC250C768}.Release|iPhoneSimulator.Build.0 = Release|Any CPU
		{977C4538-9128-4A6A-8FDA-6CCDC250C768}.Release|x64.ActiveCfg = Release|x64
		{977C4538-9128-4A6A-8FDA-6CCDC250C768}.Release|x64.Build.0 = Release|x64
		{977C4538-9128-4A6A-8FDA-6CCDC250C768}.Release|x86.ActiveCfg = Release|x86
		{977C4538-9128-4A6A-8FDA-6CCDC250C768}.Release|x86.Build.0 = Release|x86
		{CB506015-8250-4E52-B9D3-D7F9620F4CB9}.Debug|Any CPU.ActiveCfg = Debug|Any CPU
		{CB506015-8250-4E52-B9D3-D7F9620F4CB9}.Debug|Any CPU.Build.0 = Debug|Any CPU
		{CB506015-8250-4E52-B9D3-D7F9620F4CB9}.Debug|iPhone.ActiveCfg = Debug|Any CPU
		{CB506015-8250-4E52-B9D3-D7F9620F4CB9}.Debug|iPhone.Build.0 = Debug|Any CPU
		{CB506015-8250-4E52-B9D3-D7F9620F4CB9}.Debug|iPhoneSimulator.ActiveCfg = Debug|Any CPU
		{CB506015-8250-4E52-B9D3-D7F9620F4CB9}.Debug|iPhoneSimulator.Build.0 = Debug|Any CPU
		{CB506015-8250-4E52-B9D3-D7F9620F4CB9}.Debug|x64.ActiveCfg = Debug|x64
		{CB506015-8250-4E52-B9D3-D7F9620F4CB9}.Debug|x64.Build.0 = Debug|x64
		{CB506015-8250-4E52-B9D3-D7F9620F4CB9}.Debug|x86.ActiveCfg = Debug|x86
		{CB506015-8250-4E52-B9D3-D7F9620F4CB9}.Debug|x86.Build.0 = Debug|x86
		{CB506015-8250-4E52-B9D3-D7F9620F4CB9}.Release|Any CPU.ActiveCfg = Release|Any CPU
		{CB506015-8250-4E52-B9D3-D7F9620F4CB9}.Release|Any CPU.Build.0 = Release|Any CPU
		{CB506015-8250-4E52-B9D3-D7F9620F4CB9}.Release|iPhone.ActiveCfg = Release|Any CPU
		{CB506015-8250-4E52-B9D3-D7F9620F4CB9}.Release|iPhone.Build.0 = Release|Any CPU
		{CB506015-8250-4E52-B9D3-D7F9620F4CB9}.Release|iPhoneSimulator.ActiveCfg = Release|Any CPU
		{CB506015-8250-4E52-B9D3-D7F9620F4CB9}.Release|iPhoneSimulator.Build.0 = Release|Any CPU
		{CB506015-8250-4E52-B9D3-D7F9620F4CB9}.Release|x64.ActiveCfg = Release|x64
		{CB506015-8250-4E52-B9D3-D7F9620F4CB9}.Release|x64.Build.0 = Release|x64
		{CB506015-8250-4E52-B9D3-D7F9620F4CB9}.Release|x86.ActiveCfg = Release|x86
		{CB506015-8250-4E52-B9D3-D7F9620F4CB9}.Release|x86.Build.0 = Release|x86
		{93428CEA-A460-47A6-AE13-50C17EA6727F}.Debug|Any CPU.ActiveCfg = Debug|Any CPU
		{93428CEA-A460-47A6-AE13-50C17EA6727F}.Debug|Any CPU.Build.0 = Debug|Any CPU
		{93428CEA-A460-47A6-AE13-50C17EA6727F}.Debug|iPhone.ActiveCfg = Debug|Any CPU
		{93428CEA-A460-47A6-AE13-50C17EA6727F}.Debug|iPhone.Build.0 = Debug|Any CPU
		{93428CEA-A460-47A6-AE13-50C17EA6727F}.Debug|iPhoneSimulator.ActiveCfg = Debug|Any CPU
		{93428CEA-A460-47A6-AE13-50C17EA6727F}.Debug|iPhoneSimulator.Build.0 = Debug|Any CPU
		{93428CEA-A460-47A6-AE13-50C17EA6727F}.Debug|x64.ActiveCfg = Debug|x64
		{93428CEA-A460-47A6-AE13-50C17EA6727F}.Debug|x64.Build.0 = Debug|x64
		{93428CEA-A460-47A6-AE13-50C17EA6727F}.Debug|x86.ActiveCfg = Debug|x86
		{93428CEA-A460-47A6-AE13-50C17EA6727F}.Debug|x86.Build.0 = Debug|x86
		{93428CEA-A460-47A6-AE13-50C17EA6727F}.Release|Any CPU.ActiveCfg = Release|Any CPU
		{93428CEA-A460-47A6-AE13-50C17EA6727F}.Release|Any CPU.Build.0 = Release|Any CPU
		{93428CEA-A460-47A6-AE13-50C17EA6727F}.Release|iPhone.ActiveCfg = Release|Any CPU
		{93428CEA-A460-47A6-AE13-50C17EA6727F}.Release|iPhone.Build.0 = Release|Any CPU
		{93428CEA-A460-47A6-AE13-50C17EA6727F}.Release|iPhoneSimulator.ActiveCfg = Release|Any CPU
		{93428CEA-A460-47A6-AE13-50C17EA6727F}.Release|iPhoneSimulator.Build.0 = Release|Any CPU
		{93428CEA-A460-47A6-AE13-50C17EA6727F}.Release|x64.ActiveCfg = Release|x64
		{93428CEA-A460-47A6-AE13-50C17EA6727F}.Release|x64.Build.0 = Release|x64
		{93428CEA-A460-47A6-AE13-50C17EA6727F}.Release|x86.ActiveCfg = Release|x86
		{93428CEA-A460-47A6-AE13-50C17EA6727F}.Release|x86.Build.0 = Release|x86
		{C4E9558E-EB1D-4478-8D94-5EF8A802CAE0}.Debug|Any CPU.ActiveCfg = Debug|Any CPU
		{C4E9558E-EB1D-4478-8D94-5EF8A802CAE0}.Debug|Any CPU.Build.0 = Debug|Any CPU
		{C4E9558E-EB1D-4478-8D94-5EF8A802CAE0}.Debug|iPhone.ActiveCfg = Debug|Any CPU
		{C4E9558E-EB1D-4478-8D94-5EF8A802CAE0}.Debug|iPhone.Build.0 = Debug|Any CPU
		{C4E9558E-EB1D-4478-8D94-5EF8A802CAE0}.Debug|iPhoneSimulator.ActiveCfg = Debug|Any CPU
		{C4E9558E-EB1D-4478-8D94-5EF8A802CAE0}.Debug|iPhoneSimulator.Build.0 = Debug|Any CPU
		{C4E9558E-EB1D-4478-8D94-5EF8A802CAE0}.Debug|x64.ActiveCfg = Debug|x64
		{C4E9558E-EB1D-4478-8D94-5EF8A802CAE0}.Debug|x64.Build.0 = Debug|x64
		{C4E9558E-EB1D-4478-8D94-5EF8A802CAE0}.Debug|x86.ActiveCfg = Debug|x86
		{C4E9558E-EB1D-4478-8D94-5EF8A802CAE0}.Debug|x86.Build.0 = Debug|x86
		{C4E9558E-EB1D-4478-8D94-5EF8A802CAE0}.Release|Any CPU.ActiveCfg = Release|Any CPU
		{C4E9558E-EB1D-4478-8D94-5EF8A802CAE0}.Release|Any CPU.Build.0 = Release|Any CPU
		{C4E9558E-EB1D-4478-8D94-5EF8A802CAE0}.Release|iPhone.ActiveCfg = Release|Any CPU
		{C4E9558E-EB1D-4478-8D94-5EF8A802CAE0}.Release|iPhone.Build.0 = Release|Any CPU
		{C4E9558E-EB1D-4478-8D94-5EF8A802CAE0}.Release|iPhoneSimulator.ActiveCfg = Release|Any CPU
		{C4E9558E-EB1D-4478-8D94-5EF8A802CAE0}.Release|iPhoneSimulator.Build.0 = Release|Any CPU
		{C4E9558E-EB1D-4478-8D94-5EF8A802CAE0}.Release|x64.ActiveCfg = Release|x64
		{C4E9558E-EB1D-4478-8D94-5EF8A802CAE0}.Release|x64.Build.0 = Release|x64
		{C4E9558E-EB1D-4478-8D94-5EF8A802CAE0}.Release|x86.ActiveCfg = Release|x86
		{C4E9558E-EB1D-4478-8D94-5EF8A802CAE0}.Release|x86.Build.0 = Release|x86
		{C347EBD9-6691-43F6-A83E-97EBAB6988E8}.Debug|Any CPU.ActiveCfg = Debug|Any CPU
		{C347EBD9-6691-43F6-A83E-97EBAB6988E8}.Debug|Any CPU.Build.0 = Debug|Any CPU
		{C347EBD9-6691-43F6-A83E-97EBAB6988E8}.Debug|iPhone.ActiveCfg = Debug|Any CPU
		{C347EBD9-6691-43F6-A83E-97EBAB6988E8}.Debug|iPhone.Build.0 = Debug|Any CPU
		{C347EBD9-6691-43F6-A83E-97EBAB6988E8}.Debug|iPhoneSimulator.ActiveCfg = Debug|Any CPU
		{C347EBD9-6691-43F6-A83E-97EBAB6988E8}.Debug|iPhoneSimulator.Build.0 = Debug|Any CPU
		{C347EBD9-6691-43F6-A83E-97EBAB6988E8}.Debug|x64.ActiveCfg = Debug|x64
		{C347EBD9-6691-43F6-A83E-97EBAB6988E8}.Debug|x64.Build.0 = Debug|x64
		{C347EBD9-6691-43F6-A83E-97EBAB6988E8}.Debug|x86.ActiveCfg = Debug|x86
		{C347EBD9-6691-43F6-A83E-97EBAB6988E8}.Debug|x86.Build.0 = Debug|x86
		{C347EBD9-6691-43F6-A83E-97EBAB6988E8}.Release|Any CPU.ActiveCfg = Release|Any CPU
		{C347EBD9-6691-43F6-A83E-97EBAB6988E8}.Release|Any CPU.Build.0 = Release|Any CPU
		{C347EBD9-6691-43F6-A83E-97EBAB6988E8}.Release|iPhone.ActiveCfg = Release|Any CPU
		{C347EBD9-6691-43F6-A83E-97EBAB6988E8}.Release|iPhone.Build.0 = Release|Any CPU
		{C347EBD9-6691-43F6-A83E-97EBAB6988E8}.Release|iPhoneSimulator.ActiveCfg = Release|Any CPU
		{C347EBD9-6691-43F6-A83E-97EBAB6988E8}.Release|iPhoneSimulator.Build.0 = Release|Any CPU
		{C347EBD9-6691-43F6-A83E-97EBAB6988E8}.Release|x64.ActiveCfg = Release|x64
		{C347EBD9-6691-43F6-A83E-97EBAB6988E8}.Release|x64.Build.0 = Release|x64
		{C347EBD9-6691-43F6-A83E-97EBAB6988E8}.Release|x86.ActiveCfg = Release|x86
		{C347EBD9-6691-43F6-A83E-97EBAB6988E8}.Release|x86.Build.0 = Release|x86
		{2CC24821-5B04-47F4-BC75-B7CFB6818BAA}.Debug|Any CPU.ActiveCfg = Debug|Any CPU
		{2CC24821-5B04-47F4-BC75-B7CFB6818BAA}.Debug|Any CPU.Build.0 = Debug|Any CPU
		{2CC24821-5B04-47F4-BC75-B7CFB6818BAA}.Debug|iPhone.ActiveCfg = Debug|Any CPU
		{2CC24821-5B04-47F4-BC75-B7CFB6818BAA}.Debug|iPhone.Build.0 = Debug|Any CPU
		{2CC24821-5B04-47F4-BC75-B7CFB6818BAA}.Debug|iPhoneSimulator.ActiveCfg = Debug|Any CPU
		{2CC24821-5B04-47F4-BC75-B7CFB6818BAA}.Debug|iPhoneSimulator.Build.0 = Debug|Any CPU
		{2CC24821-5B04-47F4-BC75-B7CFB6818BAA}.Debug|x64.ActiveCfg = Debug|x64
		{2CC24821-5B04-47F4-BC75-B7CFB6818BAA}.Debug|x64.Build.0 = Debug|x64
		{2CC24821-5B04-47F4-BC75-B7CFB6818BAA}.Debug|x86.ActiveCfg = Debug|x86
		{2CC24821-5B04-47F4-BC75-B7CFB6818BAA}.Debug|x86.Build.0 = Debug|x86
		{2CC24821-5B04-47F4-BC75-B7CFB6818BAA}.Release|Any CPU.ActiveCfg = Release|Any CPU
		{2CC24821-5B04-47F4-BC75-B7CFB6818BAA}.Release|Any CPU.Build.0 = Release|Any CPU
		{2CC24821-5B04-47F4-BC75-B7CFB6818BAA}.Release|iPhone.ActiveCfg = Release|Any CPU
		{2CC24821-5B04-47F4-BC75-B7CFB6818BAA}.Release|iPhone.Build.0 = Release|Any CPU
		{2CC24821-5B04-47F4-BC75-B7CFB6818BAA}.Release|iPhoneSimulator.ActiveCfg = Release|Any CPU
		{2CC24821-5B04-47F4-BC75-B7CFB6818BAA}.Release|iPhoneSimulator.Build.0 = Release|Any CPU
		{2CC24821-5B04-47F4-BC75-B7CFB6818BAA}.Release|x64.ActiveCfg = Release|x64
		{2CC24821-5B04-47F4-BC75-B7CFB6818BAA}.Release|x64.Build.0 = Release|x64
		{2CC24821-5B04-47F4-BC75-B7CFB6818BAA}.Release|x86.ActiveCfg = Release|x86
		{2CC24821-5B04-47F4-BC75-B7CFB6818BAA}.Release|x86.Build.0 = Release|x86
		{52185DE2-98A5-4A36-974C-C451A226EF0F}.Debug|Any CPU.ActiveCfg = Debug|Any CPU
		{52185DE2-98A5-4A36-974C-C451A226EF0F}.Debug|Any CPU.Build.0 = Debug|Any CPU
		{52185DE2-98A5-4A36-974C-C451A226EF0F}.Debug|iPhone.ActiveCfg = Debug|Any CPU
		{52185DE2-98A5-4A36-974C-C451A226EF0F}.Debug|iPhone.Build.0 = Debug|Any CPU
		{52185DE2-98A5-4A36-974C-C451A226EF0F}.Debug|iPhoneSimulator.ActiveCfg = Debug|Any CPU
		{52185DE2-98A5-4A36-974C-C451A226EF0F}.Debug|iPhoneSimulator.Build.0 = Debug|Any CPU
		{52185DE2-98A5-4A36-974C-C451A226EF0F}.Debug|x64.ActiveCfg = Debug|x64
		{52185DE2-98A5-4A36-974C-C451A226EF0F}.Debug|x64.Build.0 = Debug|x64
		{52185DE2-98A5-4A36-974C-C451A226EF0F}.Debug|x86.ActiveCfg = Debug|x86
		{52185DE2-98A5-4A36-974C-C451A226EF0F}.Debug|x86.Build.0 = Debug|x86
		{52185DE2-98A5-4A36-974C-C451A226EF0F}.Release|Any CPU.ActiveCfg = Release|Any CPU
		{52185DE2-98A5-4A36-974C-C451A226EF0F}.Release|Any CPU.Build.0 = Release|Any CPU
		{52185DE2-98A5-4A36-974C-C451A226EF0F}.Release|iPhone.ActiveCfg = Release|Any CPU
		{52185DE2-98A5-4A36-974C-C451A226EF0F}.Release|iPhone.Build.0 = Release|Any CPU
		{52185DE2-98A5-4A36-974C-C451A226EF0F}.Release|iPhoneSimulator.ActiveCfg = Release|Any CPU
		{52185DE2-98A5-4A36-974C-C451A226EF0F}.Release|iPhoneSimulator.Build.0 = Release|Any CPU
		{52185DE2-98A5-4A36-974C-C451A226EF0F}.Release|x64.ActiveCfg = Release|x64
		{52185DE2-98A5-4A36-974C-C451A226EF0F}.Release|x64.Build.0 = Release|x64
		{52185DE2-98A5-4A36-974C-C451A226EF0F}.Release|x86.ActiveCfg = Release|x86
		{52185DE2-98A5-4A36-974C-C451A226EF0F}.Release|x86.Build.0 = Release|x86
		{D8D8FD97-C764-4B5A-B02E-8BA9BFFF0CA8}.Debug|Any CPU.ActiveCfg = Debug|Any CPU
		{D8D8FD97-C764-4B5A-B02E-8BA9BFFF0CA8}.Debug|Any CPU.Build.0 = Debug|Any CPU
		{D8D8FD97-C764-4B5A-B02E-8BA9BFFF0CA8}.Debug|iPhone.ActiveCfg = Debug|Any CPU
		{D8D8FD97-C764-4B5A-B02E-8BA9BFFF0CA8}.Debug|iPhone.Build.0 = Debug|Any CPU
		{D8D8FD97-C764-4B5A-B02E-8BA9BFFF0CA8}.Debug|iPhoneSimulator.ActiveCfg = Debug|Any CPU
		{D8D8FD97-C764-4B5A-B02E-8BA9BFFF0CA8}.Debug|iPhoneSimulator.Build.0 = Debug|Any CPU
		{D8D8FD97-C764-4B5A-B02E-8BA9BFFF0CA8}.Debug|x64.ActiveCfg = Debug|x64
		{D8D8FD97-C764-4B5A-B02E-8BA9BFFF0CA8}.Debug|x64.Build.0 = Debug|x64
		{D8D8FD97-C764-4B5A-B02E-8BA9BFFF0CA8}.Debug|x86.ActiveCfg = Debug|x86
		{D8D8FD97-C764-4B5A-B02E-8BA9BFFF0CA8}.Debug|x86.Build.0 = Debug|x86
		{D8D8FD97-C764-4B5A-B02E-8BA9BFFF0CA8}.Release|Any CPU.ActiveCfg = Release|Any CPU
		{D8D8FD97-C764-4B5A-B02E-8BA9BFFF0CA8}.Release|Any CPU.Build.0 = Release|Any CPU
		{D8D8FD97-C764-4B5A-B02E-8BA9BFFF0CA8}.Release|iPhone.ActiveCfg = Release|Any CPU
		{D8D8FD97-C764-4B5A-B02E-8BA9BFFF0CA8}.Release|iPhone.Build.0 = Release|Any CPU
		{D8D8FD97-C764-4B5A-B02E-8BA9BFFF0CA8}.Release|iPhoneSimulator.ActiveCfg = Release|Any CPU
		{D8D8FD97-C764-4B5A-B02E-8BA9BFFF0CA8}.Release|iPhoneSimulator.Build.0 = Release|Any CPU
		{D8D8FD97-C764-4B5A-B02E-8BA9BFFF0CA8}.Release|x64.ActiveCfg = Release|x64
		{D8D8FD97-C764-4B5A-B02E-8BA9BFFF0CA8}.Release|x64.Build.0 = Release|x64
		{D8D8FD97-C764-4B5A-B02E-8BA9BFFF0CA8}.Release|x86.ActiveCfg = Release|x86
		{D8D8FD97-C764-4B5A-B02E-8BA9BFFF0CA8}.Release|x86.Build.0 = Release|x86
		{B54DB1F9-10A9-4582-B1C4-45791698D8E5}.Debug|Any CPU.ActiveCfg = Debug|Any CPU
		{B54DB1F9-10A9-4582-B1C4-45791698D8E5}.Debug|Any CPU.Build.0 = Debug|Any CPU
		{B54DB1F9-10A9-4582-B1C4-45791698D8E5}.Debug|iPhone.ActiveCfg = Debug|Any CPU
		{B54DB1F9-10A9-4582-B1C4-45791698D8E5}.Debug|iPhone.Build.0 = Debug|Any CPU
		{B54DB1F9-10A9-4582-B1C4-45791698D8E5}.Debug|iPhoneSimulator.ActiveCfg = Debug|Any CPU
		{B54DB1F9-10A9-4582-B1C4-45791698D8E5}.Debug|iPhoneSimulator.Build.0 = Debug|Any CPU
		{B54DB1F9-10A9-4582-B1C4-45791698D8E5}.Debug|x64.ActiveCfg = Debug|x64
		{B54DB1F9-10A9-4582-B1C4-45791698D8E5}.Debug|x64.Build.0 = Debug|x64
		{B54DB1F9-10A9-4582-B1C4-45791698D8E5}.Debug|x86.ActiveCfg = Debug|x86
		{B54DB1F9-10A9-4582-B1C4-45791698D8E5}.Debug|x86.Build.0 = Debug|x86
		{B54DB1F9-10A9-4582-B1C4-45791698D8E5}.Release|Any CPU.ActiveCfg = Release|Any CPU
		{B54DB1F9-10A9-4582-B1C4-45791698D8E5}.Release|Any CPU.Build.0 = Release|Any CPU
		{B54DB1F9-10A9-4582-B1C4-45791698D8E5}.Release|iPhone.ActiveCfg = Release|Any CPU
		{B54DB1F9-10A9-4582-B1C4-45791698D8E5}.Release|iPhone.Build.0 = Release|Any CPU
		{B54DB1F9-10A9-4582-B1C4-45791698D8E5}.Release|iPhoneSimulator.ActiveCfg = Release|Any CPU
		{B54DB1F9-10A9-4582-B1C4-45791698D8E5}.Release|iPhoneSimulator.Build.0 = Release|Any CPU
		{B54DB1F9-10A9-4582-B1C4-45791698D8E5}.Release|x64.ActiveCfg = Release|x64
		{B54DB1F9-10A9-4582-B1C4-45791698D8E5}.Release|x64.Build.0 = Release|x64
		{B54DB1F9-10A9-4582-B1C4-45791698D8E5}.Release|x86.ActiveCfg = Release|x86
		{B54DB1F9-10A9-4582-B1C4-45791698D8E5}.Release|x86.Build.0 = Release|x86
		{675BFF3E-95A8-4E66-B4F5-9D6768013767}.Debug|Any CPU.ActiveCfg = Debug|Any CPU
		{675BFF3E-95A8-4E66-B4F5-9D6768013767}.Debug|Any CPU.Build.0 = Debug|Any CPU
		{675BFF3E-95A8-4E66-B4F5-9D6768013767}.Debug|iPhone.ActiveCfg = Debug|Any CPU
		{675BFF3E-95A8-4E66-B4F5-9D6768013767}.Debug|iPhone.Build.0 = Debug|Any CPU
		{675BFF3E-95A8-4E66-B4F5-9D6768013767}.Debug|iPhoneSimulator.ActiveCfg = Debug|Any CPU
		{675BFF3E-95A8-4E66-B4F5-9D6768013767}.Debug|iPhoneSimulator.Build.0 = Debug|Any CPU
		{675BFF3E-95A8-4E66-B4F5-9D6768013767}.Debug|x64.ActiveCfg = Debug|X64
		{675BFF3E-95A8-4E66-B4F5-9D6768013767}.Debug|x64.Build.0 = Debug|X64
		{675BFF3E-95A8-4E66-B4F5-9D6768013767}.Debug|x86.ActiveCfg = Debug|X86
		{675BFF3E-95A8-4E66-B4F5-9D6768013767}.Debug|x86.Build.0 = Debug|X86
		{675BFF3E-95A8-4E66-B4F5-9D6768013767}.Release|Any CPU.ActiveCfg = Release|Any CPU
		{675BFF3E-95A8-4E66-B4F5-9D6768013767}.Release|Any CPU.Build.0 = Release|Any CPU
		{675BFF3E-95A8-4E66-B4F5-9D6768013767}.Release|iPhone.ActiveCfg = Release|Any CPU
		{675BFF3E-95A8-4E66-B4F5-9D6768013767}.Release|iPhone.Build.0 = Release|Any CPU
		{675BFF3E-95A8-4E66-B4F5-9D6768013767}.Release|iPhoneSimulator.ActiveCfg = Release|Any CPU
		{675BFF3E-95A8-4E66-B4F5-9D6768013767}.Release|iPhoneSimulator.Build.0 = Release|Any CPU
		{675BFF3E-95A8-4E66-B4F5-9D6768013767}.Release|x64.ActiveCfg = Release|X64
		{675BFF3E-95A8-4E66-B4F5-9D6768013767}.Release|x64.Build.0 = Release|X64
		{675BFF3E-95A8-4E66-B4F5-9D6768013767}.Release|x86.ActiveCfg = Release|X86
		{675BFF3E-95A8-4E66-B4F5-9D6768013767}.Release|x86.Build.0 = Release|X86
		{2FE75474-BF54-4BA5-840A-33BEF2E86EE3}.Debug|Any CPU.ActiveCfg = Debug|Any CPU
		{2FE75474-BF54-4BA5-840A-33BEF2E86EE3}.Debug|Any CPU.Build.0 = Debug|Any CPU
		{2FE75474-BF54-4BA5-840A-33BEF2E86EE3}.Debug|iPhone.ActiveCfg = Debug|Any CPU
		{2FE75474-BF54-4BA5-840A-33BEF2E86EE3}.Debug|iPhone.Build.0 = Debug|Any CPU
		{2FE75474-BF54-4BA5-840A-33BEF2E86EE3}.Debug|iPhoneSimulator.ActiveCfg = Debug|Any CPU
		{2FE75474-BF54-4BA5-840A-33BEF2E86EE3}.Debug|iPhoneSimulator.Build.0 = Debug|Any CPU
		{2FE75474-BF54-4BA5-840A-33BEF2E86EE3}.Debug|x64.ActiveCfg = Debug|x64
		{2FE75474-BF54-4BA5-840A-33BEF2E86EE3}.Debug|x64.Build.0 = Debug|x64
		{2FE75474-BF54-4BA5-840A-33BEF2E86EE3}.Debug|x86.ActiveCfg = Debug|x86
		{2FE75474-BF54-4BA5-840A-33BEF2E86EE3}.Debug|x86.Build.0 = Debug|x86
		{2FE75474-BF54-4BA5-840A-33BEF2E86EE3}.Release|Any CPU.ActiveCfg = Release|Any CPU
		{2FE75474-BF54-4BA5-840A-33BEF2E86EE3}.Release|Any CPU.Build.0 = Release|Any CPU
		{2FE75474-BF54-4BA5-840A-33BEF2E86EE3}.Release|iPhone.ActiveCfg = Release|Any CPU
		{2FE75474-BF54-4BA5-840A-33BEF2E86EE3}.Release|iPhone.Build.0 = Release|Any CPU
		{2FE75474-BF54-4BA5-840A-33BEF2E86EE3}.Release|iPhoneSimulator.ActiveCfg = Release|Any CPU
		{2FE75474-BF54-4BA5-840A-33BEF2E86EE3}.Release|iPhoneSimulator.Build.0 = Release|Any CPU
		{2FE75474-BF54-4BA5-840A-33BEF2E86EE3}.Release|x64.ActiveCfg = Release|Any CPU
		{2FE75474-BF54-4BA5-840A-33BEF2E86EE3}.Release|x64.Build.0 = Release|Any CPU
		{2FE75474-BF54-4BA5-840A-33BEF2E86EE3}.Release|x86.ActiveCfg = Release|Any CPU
		{2FE75474-BF54-4BA5-840A-33BEF2E86EE3}.Release|x86.Build.0 = Release|Any CPU
		{6E1C8FF7-E57E-4590-9D68-353F2DE06F37}.Debug|Any CPU.ActiveCfg = Debug|Any CPU
		{6E1C8FF7-E57E-4590-9D68-353F2DE06F37}.Debug|Any CPU.Build.0 = Debug|Any CPU
		{6E1C8FF7-E57E-4590-9D68-353F2DE06F37}.Debug|iPhone.ActiveCfg = Debug|Any CPU
		{6E1C8FF7-E57E-4590-9D68-353F2DE06F37}.Debug|iPhone.Build.0 = Debug|Any CPU
		{6E1C8FF7-E57E-4590-9D68-353F2DE06F37}.Debug|iPhoneSimulator.ActiveCfg = Debug|Any CPU
		{6E1C8FF7-E57E-4590-9D68-353F2DE06F37}.Debug|iPhoneSimulator.Build.0 = Debug|Any CPU
		{6E1C8FF7-E57E-4590-9D68-353F2DE06F37}.Debug|x64.ActiveCfg = Debug|x64
		{6E1C8FF7-E57E-4590-9D68-353F2DE06F37}.Debug|x64.Build.0 = Debug|x64
		{6E1C8FF7-E57E-4590-9D68-353F2DE06F37}.Debug|x86.ActiveCfg = Debug|x86
		{6E1C8FF7-E57E-4590-9D68-353F2DE06F37}.Debug|x86.Build.0 = Debug|x86
		{6E1C8FF7-E57E-4590-9D68-353F2DE06F37}.Release|Any CPU.ActiveCfg = Release|Any CPU
		{6E1C8FF7-E57E-4590-9D68-353F2DE06F37}.Release|Any CPU.Build.0 = Release|Any CPU
		{6E1C8FF7-E57E-4590-9D68-353F2DE06F37}.Release|iPhone.ActiveCfg = Release|Any CPU
		{6E1C8FF7-E57E-4590-9D68-353F2DE06F37}.Release|iPhone.Build.0 = Release|Any CPU
		{6E1C8FF7-E57E-4590-9D68-353F2DE06F37}.Release|iPhoneSimulator.ActiveCfg = Release|Any CPU
		{6E1C8FF7-E57E-4590-9D68-353F2DE06F37}.Release|iPhoneSimulator.Build.0 = Release|Any CPU
		{6E1C8FF7-E57E-4590-9D68-353F2DE06F37}.Release|x64.ActiveCfg = Release|x64
		{6E1C8FF7-E57E-4590-9D68-353F2DE06F37}.Release|x64.Build.0 = Release|x64
		{6E1C8FF7-E57E-4590-9D68-353F2DE06F37}.Release|x86.ActiveCfg = Release|x86
		{6E1C8FF7-E57E-4590-9D68-353F2DE06F37}.Release|x86.Build.0 = Release|x86
		{BF396E97-85AA-4CFB-A00F-03A735995944}.Debug|Any CPU.ActiveCfg = Debug|Any CPU
		{BF396E97-85AA-4CFB-A00F-03A735995944}.Debug|Any CPU.Build.0 = Debug|Any CPU
		{BF396E97-85AA-4CFB-A00F-03A735995944}.Debug|iPhone.ActiveCfg = Debug|Any CPU
		{BF396E97-85AA-4CFB-A00F-03A735995944}.Debug|iPhone.Build.0 = Debug|Any CPU
		{BF396E97-85AA-4CFB-A00F-03A735995944}.Debug|iPhoneSimulator.ActiveCfg = Debug|Any CPU
		{BF396E97-85AA-4CFB-A00F-03A735995944}.Debug|iPhoneSimulator.Build.0 = Debug|Any CPU
		{BF396E97-85AA-4CFB-A00F-03A735995944}.Debug|x64.ActiveCfg = Debug|x64
		{BF396E97-85AA-4CFB-A00F-03A735995944}.Debug|x64.Build.0 = Debug|x64
		{BF396E97-85AA-4CFB-A00F-03A735995944}.Debug|x86.ActiveCfg = Debug|x86
		{BF396E97-85AA-4CFB-A00F-03A735995944}.Debug|x86.Build.0 = Debug|x86
		{BF396E97-85AA-4CFB-A00F-03A735995944}.Release|Any CPU.ActiveCfg = Release|Any CPU
		{BF396E97-85AA-4CFB-A00F-03A735995944}.Release|Any CPU.Build.0 = Release|Any CPU
		{BF396E97-85AA-4CFB-A00F-03A735995944}.Release|iPhone.ActiveCfg = Release|Any CPU
		{BF396E97-85AA-4CFB-A00F-03A735995944}.Release|iPhone.Build.0 = Release|Any CPU
		{BF396E97-85AA-4CFB-A00F-03A735995944}.Release|iPhoneSimulator.ActiveCfg = Release|Any CPU
		{BF396E97-85AA-4CFB-A00F-03A735995944}.Release|iPhoneSimulator.Build.0 = Release|Any CPU
		{BF396E97-85AA-4CFB-A00F-03A735995944}.Release|x64.ActiveCfg = Release|Any CPU
		{BF396E97-85AA-4CFB-A00F-03A735995944}.Release|x64.Build.0 = Release|Any CPU
		{BF396E97-85AA-4CFB-A00F-03A735995944}.Release|x86.ActiveCfg = Release|Any CPU
		{BF396E97-85AA-4CFB-A00F-03A735995944}.Release|x86.Build.0 = Release|Any CPU
		{6CE26E92-3505-4992-B407-577A0BE69E82}.Debug|Any CPU.ActiveCfg = Debug|Any CPU
		{6CE26E92-3505-4992-B407-577A0BE69E82}.Debug|Any CPU.Build.0 = Debug|Any CPU
		{6CE26E92-3505-4992-B407-577A0BE69E82}.Debug|iPhone.ActiveCfg = Debug|Any CPU
		{6CE26E92-3505-4992-B407-577A0BE69E82}.Debug|iPhone.Build.0 = Debug|Any CPU
		{6CE26E92-3505-4992-B407-577A0BE69E82}.Debug|iPhoneSimulator.ActiveCfg = Debug|Any CPU
		{6CE26E92-3505-4992-B407-577A0BE69E82}.Debug|iPhoneSimulator.Build.0 = Debug|Any CPU
		{6CE26E92-3505-4992-B407-577A0BE69E82}.Debug|x64.ActiveCfg = Debug|x64
		{6CE26E92-3505-4992-B407-577A0BE69E82}.Debug|x64.Build.0 = Debug|x64
		{6CE26E92-3505-4992-B407-577A0BE69E82}.Debug|x86.ActiveCfg = Debug|x86
		{6CE26E92-3505-4992-B407-577A0BE69E82}.Debug|x86.Build.0 = Debug|x86
		{6CE26E92-3505-4992-B407-577A0BE69E82}.Release|Any CPU.ActiveCfg = Release|Any CPU
		{6CE26E92-3505-4992-B407-577A0BE69E82}.Release|Any CPU.Build.0 = Release|Any CPU
		{6CE26E92-3505-4992-B407-577A0BE69E82}.Release|iPhone.ActiveCfg = Release|Any CPU
		{6CE26E92-3505-4992-B407-577A0BE69E82}.Release|iPhone.Build.0 = Release|Any CPU
		{6CE26E92-3505-4992-B407-577A0BE69E82}.Release|iPhoneSimulator.ActiveCfg = Release|Any CPU
		{6CE26E92-3505-4992-B407-577A0BE69E82}.Release|iPhoneSimulator.Build.0 = Release|Any CPU
		{6CE26E92-3505-4992-B407-577A0BE69E82}.Release|x64.ActiveCfg = Release|x64
		{6CE26E92-3505-4992-B407-577A0BE69E82}.Release|x64.Build.0 = Release|x64
		{6CE26E92-3505-4992-B407-577A0BE69E82}.Release|x86.ActiveCfg = Release|x86
		{6CE26E92-3505-4992-B407-577A0BE69E82}.Release|x86.Build.0 = Release|x86
		{A39DAB5A-AED6-4F94-B301-1E125443D452}.Debug|Any CPU.ActiveCfg = Debug|Any CPU
		{A39DAB5A-AED6-4F94-B301-1E125443D452}.Debug|Any CPU.Build.0 = Debug|Any CPU
		{A39DAB5A-AED6-4F94-B301-1E125443D452}.Debug|iPhone.ActiveCfg = Debug|Any CPU
		{A39DAB5A-AED6-4F94-B301-1E125443D452}.Debug|iPhone.Build.0 = Debug|Any CPU
		{A39DAB5A-AED6-4F94-B301-1E125443D452}.Debug|iPhoneSimulator.ActiveCfg = Debug|Any CPU
		{A39DAB5A-AED6-4F94-B301-1E125443D452}.Debug|iPhoneSimulator.Build.0 = Debug|Any CPU
		{A39DAB5A-AED6-4F94-B301-1E125443D452}.Debug|x64.ActiveCfg = Debug|Any CPU
		{A39DAB5A-AED6-4F94-B301-1E125443D452}.Debug|x64.Build.0 = Debug|Any CPU
		{A39DAB5A-AED6-4F94-B301-1E125443D452}.Debug|x86.ActiveCfg = Debug|Any CPU
		{A39DAB5A-AED6-4F94-B301-1E125443D452}.Debug|x86.Build.0 = Debug|Any CPU
		{A39DAB5A-AED6-4F94-B301-1E125443D452}.Release|Any CPU.ActiveCfg = Release|Any CPU
		{A39DAB5A-AED6-4F94-B301-1E125443D452}.Release|Any CPU.Build.0 = Release|Any CPU
		{A39DAB5A-AED6-4F94-B301-1E125443D452}.Release|iPhone.ActiveCfg = Release|Any CPU
		{A39DAB5A-AED6-4F94-B301-1E125443D452}.Release|iPhone.Build.0 = Release|Any CPU
		{A39DAB5A-AED6-4F94-B301-1E125443D452}.Release|iPhoneSimulator.ActiveCfg = Release|Any CPU
		{A39DAB5A-AED6-4F94-B301-1E125443D452}.Release|iPhoneSimulator.Build.0 = Release|Any CPU
		{A39DAB5A-AED6-4F94-B301-1E125443D452}.Release|x64.ActiveCfg = Release|Any CPU
		{A39DAB5A-AED6-4F94-B301-1E125443D452}.Release|x64.Build.0 = Release|Any CPU
		{A39DAB5A-AED6-4F94-B301-1E125443D452}.Release|x86.ActiveCfg = Release|Any CPU
		{A39DAB5A-AED6-4F94-B301-1E125443D452}.Release|x86.Build.0 = Release|Any CPU
	EndGlobalSection
	GlobalSection(SolutionProperties) = preSolution
		HideSolutionNode = FALSE
	EndGlobalSection
	GlobalSection(ExtensibilityGlobals) = postSolution
		SolutionGuid = {250FCC7F-F0E8-4357-8527-D0B5531183AF}
	EndGlobalSection
	GlobalSection(MonoDevelopProperties) = preSolution
		BaseDirectory = ../Build/
	EndGlobalSection
EndGlobal
