
Microsoft Visual Studio Solution File, Format Version 12.00
# Visual Studio Version 16
VisualStudioVersion = 16.0.808.0
MinimumVisualStudioVersion = 10.0.40219.1
Project("{FAE04EC0-301F-11D3-BF4B-00C04F79EFBC}") = "YoonSample.Xamarin.Android", "YoonSample.Xamarin.Android\YoonSample.Xamarin.Android.csproj", "{963C0BFE-A2A6-4DF1-B6FB-D00965F3EB5F}"
EndProject
Project("{FAE04EC0-301F-11D3-BF4B-00C04F79EFBC}") = "YoonSample.Xamarin.iOS", "YoonSample.Xamarin.iOS\YoonSample.Xamarin.iOS.csproj", "{7CC0A758-D25A-4A15-B257-C17FBBF4D907}"
EndProject
Project("{9A19103F-16F7-4668-BE54-9A1E7A4F7556}") = "YoonSample.Xamarin", "YoonSample.Xamarin\YoonSample.Xamarin.csproj", "{57155EDC-E2C7-4FD4-BF40-B269D991A91F}"
EndProject
Global
	GlobalSection(SolutionConfigurationPlatforms) = preSolution
		Debug|Any CPU = Debug|Any CPU
		Debug|iPhone = Debug|iPhone
		Debug|iPhoneSimulator = Debug|iPhoneSimulator
		Release|Any CPU = Release|Any CPU
		Release|iPhone = Release|iPhone
		Release|iPhoneSimulator = Release|iPhoneSimulator
	EndGlobalSection
	GlobalSection(ProjectConfigurationPlatforms) = postSolution
		{963C0BFE-A2A6-4DF1-B6FB-D00965F3EB5F}.Debug|Any CPU.ActiveCfg = Debug|Any CPU
		{963C0BFE-A2A6-4DF1-B6FB-D00965F3EB5F}.Debug|Any CPU.Build.0 = Debug|Any CPU
		{963C0BFE-A2A6-4DF1-B6FB-D00965F3EB5F}.Debug|Any CPU.Deploy.0 = Debug|Any CPU
		{963C0BFE-A2A6-4DF1-B6FB-D00965F3EB5F}.Debug|iPhone.ActiveCfg = Debug|Any CPU
		{963C0BFE-A2A6-4DF1-B6FB-D00965F3EB5F}.Debug|iPhone.Build.0 = Debug|Any CPU
		{963C0BFE-A2A6-4DF1-B6FB-D00965F3EB5F}.Debug|iPhoneSimulator.ActiveCfg = Debug|Any CPU
		{963C0BFE-A2A6-4DF1-B6FB-D00965F3EB5F}.Debug|iPhoneSimulator.Build.0 = Debug|Any CPU
		{963C0BFE-A2A6-4DF1-B6FB-D00965F3EB5F}.Release|Any CPU.ActiveCfg = Release|Any CPU
		{963C0BFE-A2A6-4DF1-B6FB-D00965F3EB5F}.Release|Any CPU.Build.0 = Release|Any CPU
		{963C0BFE-A2A6-4DF1-B6FB-D00965F3EB5F}.Release|iPhone.ActiveCfg = Release|Any CPU
		{963C0BFE-A2A6-4DF1-B6FB-D00965F3EB5F}.Release|iPhone.Build.0 = Release|Any CPU
		{963C0BFE-A2A6-4DF1-B6FB-D00965F3EB5F}.Release|iPhoneSimulator.ActiveCfg = Release|Any CPU
		{963C0BFE-A2A6-4DF1-B6FB-D00965F3EB5F}.Release|iPhoneSimulator.Build.0 = Release|Any CPU
		{7CC0A758-D25A-4A15-B257-C17FBBF4D907}.Debug|Any CPU.ActiveCfg = Debug|iPhoneSimulator
		{7CC0A758-D25A-4A15-B257-C17FBBF4D907}.Debug|Any CPU.Build.0 = Debug|iPhoneSimulator
		{7CC0A758-D25A-4A15-B257-C17FBBF4D907}.Debug|iPhone.ActiveCfg = Debug|iPhone
		{7CC0A758-D25A-4A15-B257-C17FBBF4D907}.Debug|iPhone.Build.0 = Debug|iPhone
		{7CC0A758-D25A-4A15-B257-C17FBBF4D907}.Debug|iPhoneSimulator.ActiveCfg = Debug|iPhoneSimulator
		{7CC0A758-D25A-4A15-B257-C17FBBF4D907}.Debug|iPhoneSimulator.Build.0 = Debug|iPhoneSimulator
		{7CC0A758-D25A-4A15-B257-C17FBBF4D907}.Release|Any CPU.ActiveCfg = Release|iPhoneSimulator
		{7CC0A758-D25A-4A15-B257-C17FBBF4D907}.Release|Any CPU.Build.0 = Release|iPhoneSimulator
		{7CC0A758-D25A-4A15-B257-C17FBBF4D907}.Release|iPhone.ActiveCfg = Release|iPhone
		{7CC0A758-D25A-4A15-B257-C17FBBF4D907}.Release|iPhone.Build.0 = Release|iPhone
		{7CC0A758-D25A-4A15-B257-C17FBBF4D907}.Release|iPhoneSimulator.ActiveCfg = Release|iPhoneSimulator
		{7CC0A758-D25A-4A15-B257-C17FBBF4D907}.Release|iPhoneSimulator.Build.0 = Release|iPhoneSimulator
		{57155EDC-E2C7-4FD4-BF40-B269D991A91F}.Debug|Any CPU.ActiveCfg = Debug|Any CPU
		{57155EDC-E2C7-4FD4-BF40-B269D991A91F}.Debug|Any CPU.Build.0 = Debug|Any CPU
		{57155EDC-E2C7-4FD4-BF40-B269D991A91F}.Debug|iPhone.ActiveCfg = Debug|Any CPU
		{57155EDC-E2C7-4FD4-BF40-B269D991A91F}.Debug|iPhone.Build.0 = Debug|Any CPU
		{57155EDC-E2C7-4FD4-BF40-B269D991A91F}.Debug|iPhoneSimulator.ActiveCfg = Debug|Any CPU
		{57155EDC-E2C7-4FD4-BF40-B269D991A91F}.Debug|iPhoneSimulator.Build.0 = Debug|Any CPU
		{57155EDC-E2C7-4FD4-BF40-B269D991A91F}.Release|Any CPU.ActiveCfg = Release|Any CPU
		{57155EDC-E2C7-4FD4-BF40-B269D991A91F}.Release|Any CPU.Build.0 = Release|Any CPU
		{57155EDC-E2C7-4FD4-BF40-B269D991A91F}.Release|iPhone.ActiveCfg = Release|Any CPU
		{57155EDC-E2C7-4FD4-BF40-B269D991A91F}.Release|iPhone.Build.0 = Release|Any CPU
		{57155EDC-E2C7-4FD4-BF40-B269D991A91F}.Release|iPhoneSimulator.ActiveCfg = Release|Any CPU
		{57155EDC-E2C7-4FD4-BF40-B269D991A91F}.Release|iPhoneSimulator.Build.0 = Release|Any CPU
	EndGlobalSection
	GlobalSection(SolutionProperties) = preSolution
		HideSolutionNode = FALSE
	EndGlobalSection
	GlobalSection(ExtensibilityGlobals) = postSolution
		SolutionGuid = {59E4289A-1111-48AE-9DDE-BA352C8732BF}
	EndGlobalSection
EndGlobal
