
Microsoft Visual Studio Solution File, Format Version 12.00
# Visual Studio 15
Project("{FAE04EC0-301F-11D3-BF4B-00C04F79EFBC}") = "YoonRobot", "YoonRobot\YoonRobot.csproj", "{2CC24821-5B04-47F4-BC75-B7CFB6818BAA}"
EndProject
Global
	GlobalSection(SolutionConfigurationPlatforms) = preSolution
		Debug|Any CPU = Debug|Any CPU
		Release|Any CPU = Release|Any CPU
	EndGlobalSection
	GlobalSection(ProjectConfigurationPlatforms) = postSolution
		{2CC24821-5B04-47F4-BC75-B7CFB6818BAA}.Debug|Any CPU.ActiveCfg = Debug|Any CPU
		{2CC24821-5B04-47F4-BC75-B7CFB6818BAA}.Debug|Any CPU.Build.0 = Debug|Any CPU
		{2CC24821-5B04-47F4-BC75-B7CFB6818BAA}.Release|Any CPU.ActiveCfg = Release|Any CPU
		{2CC24821-5B04-47F4-BC75-B7CFB6818BAA}.Release|Any CPU.Build.0 = Release|Any CPU
	EndGlobalSection
EndGlobal
