Microsoft Visual Studio Solution File, Format Version 12.00
# Visual Studio Version 16
VisualStudioVersion = 16.0.30804.86
MinimumVisualStudioVersion = 10.0.40219.1
Project("{FAE04EC0-301F-11D3-BF4B-00C04F79EFBC}") = "YoonParameter", "YoonParameter\YoonParameter.csproj", "{93428CEA-A460-47A6-AE13-50C17EA6727F}"
EndProject
Global
	GlobalSection(SolutionConfigurationPlatforms) = preSolution
		Debug|Any CPU = Debug|Any CPU
		Debug|x86 = Debug|x86
		Release|Any CPU = Release|Any CPU
		Release|x86 = Release|x86
	EndGlobalSection
	GlobalSection(ProjectConfigurationPlatforms) = postSolution
		{93428CEA-A460-47A6-AE13-50C17EA6727F}.Debug|Any CPU.ActiveCfg = Debug|Any CPU
		{93428CEA-A460-47A6-AE13-50C17EA6727F}.Debug|Any CPU.Build.0 = Debug|Any CPU
		{93428CEA-A460-47A6-AE13-50C17EA6727F}.Debug|x86.ActiveCfg = Debug|Any CPU
		{93428CEA-A460-47A6-AE13-50C17EA6727F}.Debug|x86.Build.0 = Debug|Any CPU
		{93428CEA-A460-47A6-AE13-50C17EA6727F}.Release|Any CPU.ActiveCfg = Release|Any CPU
		{93428CEA-A460-47A6-AE13-50C17EA6727F}.Release|Any CPU.Build.0 = Release|Any CPU
		{93428CEA-A460-47A6-AE13-50C17EA6727F}.Release|x86.ActiveCfg = Release|Any CPU
		{93428CEA-A460-47A6-AE13-50C17EA6727F}.Release|x86.Build.0 = Release|Any CPU
	EndGlobalSection
	GlobalSection(SolutionProperties) = preSolution
		HideSolutionNode = FALSE
	EndGlobalSection
	GlobalSection(ExtensibilityGlobals) = postSolution
		SolutionGuid = {97A192EB-8E2D-4FBD-A1B8-43FB8CD23A74}
	EndGlobalSection
EndGlobal
